
Microsoft Visual Studio Solution File, Format Version 12.00
# Visual Studio Version 16
VisualStudioVersion = 16.0.30804.86
MinimumVisualStudioVersion = 10.0.40219.1
Project("{9A19103F-16F7-4668-BE54-9A1E7A4F7556}") = "TaskAdminApi", "TaskAdminApi\TaskAdminApi.csproj", "{700A0AD4-993D-4864-BA54-BA9235AE8AE7}"
EndProject
Project("{9A19103F-16F7-4668-BE54-9A1E7A4F7556}") = "DBRepository", "DBRepository\DBRepository.csproj", "{D96F579B-12A6-49CB-9209-519640D112D7}"
EndProject
Global
	GlobalSection(SolutionConfigurationPlatforms) = preSolution
		Debug|Any CPU = Debug|Any CPU
		Release|Any CPU = Release|Any CPU
	EndGlobalSection
	GlobalSection(ProjectConfigurationPlatforms) = postSolution
		{700A0AD4-993D-4864-BA54-BA9235AE8AE7}.Debug|Any CPU.ActiveCfg = Debug|Any CPU
		{700A0AD4-993D-4864-BA54-BA9235AE8AE7}.Debug|Any CPU.Build.0 = Debug|Any CPU
		{700A0AD4-993D-4864-BA54-BA9235AE8AE7}.Release|Any CPU.ActiveCfg = Release|Any CPU
		{700A0AD4-993D-4864-BA54-BA9235AE8AE7}.Release|Any CPU.Build.0 = Release|Any CPU
		{D96F579B-12A6-49CB-9209-519640D112D7}.Debug|Any CPU.ActiveCfg = Debug|Any CPU
		{D96F579B-12A6-49CB-9209-519640D112D7}.Debug|Any CPU.Build.0 = Debug|Any CPU
		{D96F579B-12A6-49CB-9209-519640D112D7}.Release|Any CPU.ActiveCfg = Release|Any CPU
		{D96F579B-12A6-49CB-9209-519640D112D7}.Release|Any CPU.Build.0 = Release|Any CPU
	EndGlobalSection
	GlobalSection(SolutionProperties) = preSolution
		HideSolutionNode = FALSE
	EndGlobalSection
	GlobalSection(ExtensibilityGlobals) = postSolution
		SolutionGuid = {37725024-D264-44F2-8638-29DB21B6CDEB}
	EndGlobalSection
EndGlobal
